
Microsoft Visual Studio Solution File, Format Version 12.00
# Visual Studio Version 17
VisualStudioVersion = 17.6.33829.357
MinimumVisualStudioVersion = 10.0.40219.1
Project("{FAE04EC0-301F-11D3-BF4B-00C04F79EFBC}") = "PostsEsercizio", "PostsEsercizio\PostsEsercizio.csproj", "{C303C787-AF04-4144-8A4C-50A3671FCEDC}"
EndProject
Global
	GlobalSection(SolutionConfigurationPlatforms) = preSolution
		Debug|Any CPU = Debug|Any CPU
		Release|Any CPU = Release|Any CPU
	EndGlobalSection
	GlobalSection(ProjectConfigurationPlatforms) = postSolution
		{C303C787-AF04-4144-8A4C-50A3671FCEDC}.Debug|Any CPU.ActiveCfg = Debug|Any CPU
		{C303C787-AF04-4144-8A4C-50A3671FCEDC}.Debug|Any CPU.Build.0 = Debug|Any CPU
		{C303C787-AF04-4144-8A4C-50A3671FCEDC}.Release|Any CPU.ActiveCfg = Release|Any CPU
		{C303C787-AF04-4144-8A4C-50A3671FCEDC}.Release|Any CPU.Build.0 = Release|Any CPU
	EndGlobalSection
	GlobalSection(SolutionProperties) = preSolution
		HideSolutionNode = FALSE
	EndGlobalSection
	GlobalSection(ExtensibilityGlobals) = postSolution
		SolutionGuid = {64F319AA-4D39-4BBD-9D55-B16330CFE731}
	EndGlobalSection
EndGlobal
